// !$*UTF8*$!
{
	archiveVersion = 1;
	classes = {
	};
	objectVersion = 46;
	objects = {

/* Begin PBXBuildFile section */
		760E96EF1F48432F0078DDDB /* AppDelegate.swift in Sources */ = {isa = PBXBuildFile; fileRef = 760E96EE1F48432F0078DDDB /* AppDelegate.swift */; };
		760E96F11F48432F0078DDDB /* ViewController.swift in Sources */ = {isa = PBXBuildFile; fileRef = 760E96F01F48432F0078DDDB /* ViewController.swift */; };
		760E96F41F48432F0078DDDB /* Main.storyboard in Resources */ = {isa = PBXBuildFile; fileRef = 760E96F21F48432F0078DDDB /* Main.storyboard */; };
		760E96F61F48432F0078DDDB /* Assets.xcassets in Resources */ = {isa = PBXBuildFile; fileRef = 760E96F51F48432F0078DDDB /* Assets.xcassets */; };
		760E96F91F48432F0078DDDB /* LaunchScreen.storyboard in Resources */ = {isa = PBXBuildFile; fileRef = 760E96F71F48432F0078DDDB /* LaunchScreen.storyboard */; };
		760E97041F48432F0078DDDB /* ChatTests.swift in Sources */ = {isa = PBXBuildFile; fileRef = 760E97031F48432F0078DDDB /* ChatTests.swift */; };
		760E970F1F48432F0078DDDB /* ChatUITests.swift in Sources */ = {isa = PBXBuildFile; fileRef = 760E970E1F48432F0078DDDB /* ChatUITests.swift */; };
/* End PBXBuildFile section */

/* Begin PBXContainerItemProxy section */
		760E97001F48432F0078DDDB /* PBXContainerItemProxy */ = {
			isa = PBXContainerItemProxy;
			containerPortal = 760E96E31F48432E0078DDDB /* Project object */;
			proxyType = 1;
			remoteGlobalIDString = 760E96EA1F48432F0078DDDB;
			remoteInfo = Chat;
		};
		760E970B1F48432F0078DDDB /* PBXContainerItemProxy */ = {
			isa = PBXContainerItemProxy;
			containerPortal = 760E96E31F48432E0078DDDB /* Project object */;
			proxyType = 1;
			remoteGlobalIDString = 760E96EA1F48432F0078DDDB;
			remoteInfo = Chat;
		};
/* End PBXContainerItemProxy section */

/* Begin PBXFileReference section */
		760E96EB1F48432F0078DDDB /* Chat.app */ = {isa = PBXFileReference; explicitFileType = wrapper.application; includeInIndex = 0; path = Chat.app; sourceTree = BUILT_PRODUCTS_DIR; };
		760E96EE1F48432F0078DDDB /* AppDelegate.swift */ = {isa = PBXFileReference; lastKnownFileType = sourcecode.swift; path = AppDelegate.swift; sourceTree = "<group>"; };
		760E96F01F48432F0078DDDB /* ViewController.swift */ = {isa = PBXFileReference; lastKnownFileType = sourcecode.swift; path = ViewController.swift; sourceTree = "<group>"; };
		760E96F31F48432F0078DDDB /* Base */ = {isa = PBXFileReference; lastKnownFileType = file.storyboard; name = Base; path = Base.lproj/Main.storyboard; sourceTree = "<group>"; };
		760E96F51F48432F0078DDDB /* Assets.xcassets */ = {isa = PBXFileReference; lastKnownFileType = folder.assetcatalog; path = Assets.xcassets; sourceTree = "<group>"; };
		760E96F81F48432F0078DDDB /* Base */ = {isa = PBXFileReference; lastKnownFileType = file.storyboard; name = Base; path = Base.lproj/LaunchScreen.storyboard; sourceTree = "<group>"; };
		760E96FA1F48432F0078DDDB /* Info.plist */ = {isa = PBXFileReference; lastKnownFileType = text.plist.xml; path = Info.plist; sourceTree = "<group>"; };
		760E96FF1F48432F0078DDDB /* ChatTests.xctest */ = {isa = PBXFileReference; explicitFileType = wrapper.cfbundle; includeInIndex = 0; path = ChatTests.xctest; sourceTree = BUILT_PRODUCTS_DIR; };
		760E97031F48432F0078DDDB /* ChatTests.swift */ = {isa = PBXFileReference; lastKnownFileType = sourcecode.swift; path = ChatTests.swift; sourceTree = "<group>"; };
		760E97051F48432F0078DDDB /* Info.plist */ = {isa = PBXFileReference; lastKnownFileType = text.plist.xml; path = Info.plist; sourceTree = "<group>"; };
		760E970A1F48432F0078DDDB /* ChatUITests.xctest */ = {isa = PBXFileReference; explicitFileType = wrapper.cfbundle; includeInIndex = 0; path = ChatUITests.xctest; sourceTree = BUILT_PRODUCTS_DIR; };
		760E970E1F48432F0078DDDB /* ChatUITests.swift */ = {isa = PBXFileReference; lastKnownFileType = sourcecode.swift; path = ChatUITests.swift; sourceTree = "<group>"; };
		760E97101F48432F0078DDDB /* Info.plist */ = {isa = PBXFileReference; lastKnownFileType = text.plist.xml; path = Info.plist; sourceTree = "<group>"; };
/* End PBXFileReference section */

/* Begin PBXFrameworksBuildPhase section */
		760E96E81F48432F0078DDDB /* Frameworks */ = {
			isa = PBXFrameworksBuildPhase;
			buildActionMask = 2147483647;
			files = (
			);
			runOnlyForDeploymentPostprocessing = 0;
		};
		760E96FC1F48432F0078DDDB /* Frameworks */ = {
			isa = PBXFrameworksBuildPhase;
			buildActionMask = 2147483647;
			files = (
			);
			runOnlyForDeploymentPostprocessing = 0;
		};
		760E97071F48432F0078DDDB /* Frameworks */ = {
			isa = PBXFrameworksBuildPhase;
			buildActionMask = 2147483647;
			files = (
			);
			runOnlyForDeploymentPostprocessing = 0;
		};
/* End PBXFrameworksBuildPhase section */

/* Begin PBXGroup section */
		760E96E21F48432E0078DDDB = {
			isa = PBXGroup;
			children = (
				760E96ED1F48432F0078DDDB /* Chat */,
				760E97021F48432F0078DDDB /* ChatTests */,
				760E970D1F48432F0078DDDB /* ChatUITests */,
				760E96EC1F48432F0078DDDB /* Products */,
			);
			sourceTree = "<group>";
		};
		760E96EC1F48432F0078DDDB /* Products */ = {
			isa = PBXGroup;
			children = (
				760E96EB1F48432F0078DDDB /* Chat.app */,
				760E96FF1F48432F0078DDDB /* ChatTests.xctest */,
				760E970A1F48432F0078DDDB /* ChatUITests.xctest */,
			);
			name = Products;
			sourceTree = "<group>";
		};
		760E96ED1F48432F0078DDDB /* Chat */ = {
			isa = PBXGroup;
			children = (
				760E96EE1F48432F0078DDDB /* AppDelegate.swift */,
				760E96F01F48432F0078DDDB /* ViewController.swift */,
				760E96F21F48432F0078DDDB /* Main.storyboard */,
				760E96F51F48432F0078DDDB /* Assets.xcassets */,
				760E96F71F48432F0078DDDB /* LaunchScreen.storyboard */,
				760E96FA1F48432F0078DDDB /* Info.plist */,
			);
			path = Chat;
			sourceTree = "<group>";
		};
		760E97021F48432F0078DDDB /* ChatTests */ = {
			isa = PBXGroup;
			children = (
				760E97031F48432F0078DDDB /* ChatTests.swift */,
				760E97051F48432F0078DDDB /* Info.plist */,
			);
			path = ChatTests;
			sourceTree = "<group>";
		};
		760E970D1F48432F0078DDDB /* ChatUITests */ = {
			isa = PBXGroup;
			children = (
				760E970E1F48432F0078DDDB /* ChatUITests.swift */,
				760E97101F48432F0078DDDB /* Info.plist */,
			);
			path = ChatUITests;
			sourceTree = "<group>";
		};
/* End PBXGroup section */

/* Begin PBXNativeTarget section */
		760E96EA1F48432F0078DDDB /* Chat */ = {
			isa = PBXNativeTarget;
			buildConfigurationList = 760E97131F48432F0078DDDB /* Build configuration list for PBXNativeTarget "Chat" */;
			buildPhases = (
				760E96E71F48432F0078DDDB /* Sources */,
				760E96E81F48432F0078DDDB /* Frameworks */,
				760E96E91F48432F0078DDDB /* Resources */,
			);
			buildRules = (
			);
			dependencies = (
			);
			name = Chat;
			productName = Chat;
			productReference = 760E96EB1F48432F0078DDDB /* Chat.app */;
			productType = "com.apple.product-type.application";
		};
		760E96FE1F48432F0078DDDB /* ChatTests */ = {
			isa = PBXNativeTarget;
			buildConfigurationList = 760E97161F48432F0078DDDB /* Build configuration list for PBXNativeTarget "ChatTests" */;
			buildPhases = (
				760E96FB1F48432F0078DDDB /* Sources */,
				760E96FC1F48432F0078DDDB /* Frameworks */,
				760E96FD1F48432F0078DDDB /* Resources */,
			);
			buildRules = (
			);
			dependencies = (
				760E97011F48432F0078DDDB /* PBXTargetDependency */,
			);
			name = ChatTests;
			productName = ChatTests;
			productReference = 760E96FF1F48432F0078DDDB /* ChatTests.xctest */;
			productType = "com.apple.product-type.bundle.unit-test";
		};
		760E97091F48432F0078DDDB /* ChatUITests */ = {
			isa = PBXNativeTarget;
			buildConfigurationList = 760E97191F48432F0078DDDB /* Build configuration list for PBXNativeTarget "ChatUITests" */;
			buildPhases = (
				760E97061F48432F0078DDDB /* Sources */,
				760E97071F48432F0078DDDB /* Frameworks */,
				760E97081F48432F0078DDDB /* Resources */,
			);
			buildRules = (
			);
			dependencies = (
				760E970C1F48432F0078DDDB /* PBXTargetDependency */,
			);
			name = ChatUITests;
			productName = ChatUITests;
			productReference = 760E970A1F48432F0078DDDB /* ChatUITests.xctest */;
			productType = "com.apple.product-type.bundle.ui-testing";
		};
/* End PBXNativeTarget section */

/* Begin PBXProject section */
		760E96E31F48432E0078DDDB /* Project object */ = {
			isa = PBXProject;
			attributes = {
				LastSwiftUpdateCheck = 0830;
				LastUpgradeCheck = 0830;
				ORGANIZATIONNAME = Test;
				TargetAttributes = {
					760E96EA1F48432F0078DDDB = {
						CreatedOnToolsVersion = 8.3.2;
						ProvisioningStyle = Automatic;
					};
					760E96FE1F48432F0078DDDB = {
						CreatedOnToolsVersion = 8.3.2;
						ProvisioningStyle = Automatic;
						TestTargetID = 760E96EA1F48432F0078DDDB;
					};
					760E97091F48432F0078DDDB = {
						CreatedOnToolsVersion = 8.3.2;
						ProvisioningStyle = Automatic;
						TestTargetID = 760E96EA1F48432F0078DDDB;
					};
				};
			};
			buildConfigurationList = 760E96E61F48432E0078DDDB /* Build configuration list for PBXProject "Chat" */;
			compatibilityVersion = "Xcode 3.2";
			developmentRegion = English;
			hasScannedForEncodings = 0;
			knownRegions = (
				en,
				Base,
			);
			mainGroup = 760E96E21F48432E0078DDDB;
			productRefGroup = 760E96EC1F48432F0078DDDB /* Products */;
			projectDirPath = "";
			projectRoot = "";
			targets = (
				760E96EA1F48432F0078DDDB /* Chat */,
				760E96FE1F48432F0078DDDB /* ChatTests */,
				760E97091F48432F0078DDDB /* ChatUITests */,
			);
		};
/* End PBXProject section */

/* Begin PBXResourcesBuildPhase section */
		760E96E91F48432F0078DDDB /* Resources */ = {
			isa = PBXResourcesBuildPhase;
			buildActionMask = 2147483647;
			files = (
				760E96F91F48432F0078DDDB /* LaunchScreen.storyboard in Resources */,
				760E96F61F48432F0078DDDB /* Assets.xcassets in Resources */,
				760E96F41F48432F0078DDDB /* Main.storyboard in Resources */,
			);
			runOnlyForDeploymentPostprocessing = 0;
		};
		760E96FD1F48432F0078DDDB /* Resources */ = {
			isa = PBXResourcesBuildPhase;
			buildActionMask = 2147483647;
			files = (
			);
			runOnlyForDeploymentPostprocessing = 0;
		};
		760E97081F48432F0078DDDB /* Resources */ = {
			isa = PBXResourcesBuildPhase;
			buildActionMask = 2147483647;
			files = (
			);
			runOnlyForDeploymentPostprocessing = 0;
		};
/* End PBXResourcesBuildPhase section */

/* Begin PBXSourcesBuildPhase section */
		760E96E71F48432F0078DDDB /* Sources */ = {
			isa = PBXSourcesBuildPhase;
			buildActionMask = 2147483647;
			files = (
				760E96F11F48432F0078DDDB /* ViewController.swift in Sources */,
				760E96EF1F48432F0078DDDB /* AppDelegate.swift in Sources */,
			);
			runOnlyForDeploymentPostprocessing = 0;
		};
		760E96FB1F48432F0078DDDB /* Sources */ = {
			isa = PBXSourcesBuildPhase;
			buildActionMask = 2147483647;
			files = (
				760E97041F48432F0078DDDB /* ChatTests.swift in Sources */,
			);
			runOnlyForDeploymentPostprocessing = 0;
		};
		760E97061F48432F0078DDDB /* Sources */ = {
			isa = PBXSourcesBuildPhase;
			buildActionMask = 2147483647;
			files = (
				760E970F1F48432F0078DDDB /* ChatUITests.swift in Sources */,
			);
			runOnlyForDeploymentPostprocessing = 0;
		};
/* End PBXSourcesBuildPhase section */

/* Begin PBXTargetDependency section */
		760E97011F48432F0078DDDB /* PBXTargetDependency */ = {
			isa = PBXTargetDependency;
			target = 760E96EA1F48432F0078DDDB /* Chat */;
			targetProxy = 760E97001F48432F0078DDDB /* PBXContainerItemProxy */;
		};
		760E970C1F48432F0078DDDB /* PBXTargetDependency */ = {
			isa = PBXTargetDependency;
			target = 760E96EA1F48432F0078DDDB /* Chat */;
			targetProxy = 760E970B1F48432F0078DDDB /* PBXContainerItemProxy */;
		};
/* End PBXTargetDependency section */

/* Begin PBXVariantGroup section */
		760E96F21F48432F0078DDDB /* Main.storyboard */ = {
			isa = PBXVariantGroup;
			children = (
				760E96F31F48432F0078DDDB /* Base */,
			);
			name = Main.storyboard;
			sourceTree = "<group>";
		};
		760E96F71F48432F0078DDDB /* LaunchScreen.storyboard */ = {
			isa = PBXVariantGroup;
			children = (
				760E96F81F48432F0078DDDB /* Base */,
			);
			name = LaunchScreen.storyboard;
			sourceTree = "<group>";
		};
/* End PBXVariantGroup section */

/* Begin XCBuildConfiguration section */
		760E97111F48432F0078DDDB /* Debug */ = {
			isa = XCBuildConfiguration;
			buildSettings = {
				ALWAYS_SEARCH_USER_PATHS = NO;
				CLANG_ANALYZER_NONNULL = YES;
				CLANG_ANALYZER_NUMBER_OBJECT_CONVERSION = YES_AGGRESSIVE;
				CLANG_CXX_LANGUAGE_STANDARD = "gnu++0x";
				CLANG_CXX_LIBRARY = "libc++";
				CLANG_ENABLE_MODULES = YES;
				CLANG_ENABLE_OBJC_ARC = YES;
				CLANG_WARN_BOOL_CONVERSION = YES;
				CLANG_WARN_CONSTANT_CONVERSION = YES;
				CLANG_WARN_DIRECT_OBJC_ISA_USAGE = YES_ERROR;
				CLANG_WARN_DOCUMENTATION_COMMENTS = YES;
				CLANG_WARN_EMPTY_BODY = YES;
				CLANG_WARN_ENUM_CONVERSION = YES;
				CLANG_WARN_INFINITE_RECURSION = YES;
				CLANG_WARN_INT_CONVERSION = YES;
				CLANG_WARN_OBJC_ROOT_CLASS = YES_ERROR;
				CLANG_WARN_SUSPICIOUS_MOVE = YES;
				CLANG_WARN_UNREACHABLE_CODE = YES;
				CLANG_WARN__DUPLICATE_METHOD_MATCH = YES;
				"CODE_SIGN_IDENTITY[sdk=iphoneos*]" = "iPhone Developer";
				COPY_PHASE_STRIP = NO;
				DEBUG_INFORMATION_FORMAT = dwarf;
				ENABLE_STRICT_OBJC_MSGSEND = YES;
				ENABLE_TESTABILITY = YES;
				GCC_C_LANGUAGE_STANDARD = gnu99;
				GCC_DYNAMIC_NO_PIC = NO;
				GCC_NO_COMMON_BLOCKS = YES;
				GCC_OPTIMIZATION_LEVEL = 0;
				GCC_PREPROCESSOR_DEFINITIONS = (
					"DEBUG=1",
					"$(inherited)",
				);
				GCC_WARN_64_TO_32_BIT_CONVERSION = YES;
				GCC_WARN_ABOUT_RETURN_TYPE = YES_ERROR;
				GCC_WARN_UNDECLARED_SELECTOR = YES;
				GCC_WARN_UNINITIALIZED_AUTOS = YES_AGGRESSIVE;
				GCC_WARN_UNUSED_FUNCTION = YES;
				GCC_WARN_UNUSED_VARIABLE = YES;
				IPHONEOS_DEPLOYMENT_TARGET = 10.3;
				MTL_ENABLE_DEBUG_INFO = YES;
				ONLY_ACTIVE_ARCH = YES;
				SDKROOT = iphoneos;
				SWIFT_ACTIVE_COMPILATION_CONDITIONS = DEBUG;
				SWIFT_OPTIMIZATION_LEVEL = "-Onone";
				TARGETED_DEVICE_FAMILY = "1,2";
			};
			name = Debug;
		};
		760E97121F48432F0078DDDB /* Release */ = {
			isa = XCBuildConfiguration;
			buildSettings = {
				ALWAYS_SEARCH_USER_PATHS = NO;
				CLANG_ANALYZER_NONNULL = YES;
				CLANG_ANALYZER_NUMBER_OBJECT_CONVERSION = YES_AGGRESSIVE;
				CLANG_CXX_LANGUAGE_STANDARD = "gnu++0x";
				CLANG_CXX_LIBRARY = "libc++";
				CLANG_ENABLE_MODULES = YES;
				CLANG_ENABLE_OBJC_ARC = YES;
				CLANG_WARN_BOOL_CONVERSION = YES;
				CLANG_WARN_CONSTANT_CONVERSION = YES;
				CLANG_WARN_DIRECT_OBJC_ISA_USAGE = YES_ERROR;
				CLANG_WARN_DOCUMENTATION_COMMENTS = YES;
				CLANG_WARN_EMPTY_BODY = YES;
				CLANG_WARN_ENUM_CONVERSION = YES;
				CLANG_WARN_INFINITE_RECURSION = YES;
				CLANG_WARN_INT_CONVERSION = YES;
				CLANG_WARN_OBJC_ROOT_CLASS = YES_ERROR;
				CLANG_WARN_SUSPICIOUS_MOVE = YES;
				CLANG_WARN_UNREACHABLE_CODE = YES;
				CLANG_WARN__DUPLICATE_METHOD_MATCH = YES;
				"CODE_SIGN_IDENTITY[sdk=iphoneos*]" = "iPhone Developer";
				COPY_PHASE_STRIP = NO;
				DEBUG_INFORMATION_FORMAT = "dwarf-with-dsym";
				ENABLE_NS_ASSERTIONS = NO;
				ENABLE_STRICT_OBJC_MSGSEND = YES;
				GCC_C_LANGUAGE_STANDARD = gnu99;
				GCC_NO_COMMON_BLOCKS = YES;
				GCC_WARN_64_TO_32_BIT_CONVERSION = YES;
				GCC_WARN_ABOUT_RETURN_TYPE = YES_ERROR;
				GCC_WARN_UNDECLARED_SELECTOR = YES;
				GCC_WARN_UNINITIALIZED_AUTOS = YES_AGGRESSIVE;
				GCC_WARN_UNUSED_FUNCTION = YES;
				GCC_WARN_UNUSED_VARIABLE = YES;
				IPHONEOS_DEPLOYMENT_TARGET = 10.3;
				MTL_ENABLE_DEBUG_INFO = NO;
				SDKROOT = iphoneos;
				SWIFT_OPTIMIZATION_LEVEL = "-Owholemodule";
				TARGETED_DEVICE_FAMILY = "1,2";
				VALIDATE_PRODUCT = YES;
			};
			name = Release;
		};
		760E97141F48432F0078DDDB /* Debug */ = {
			isa = XCBuildConfiguration;
			buildSettings = {
				ASSETCATALOG_COMPILER_APPICON_NAME = AppIcon;
				INFOPLIST_FILE = Chat/Info.plist;
				LD_RUNPATH_SEARCH_PATHS = "$(inherited) @executable_path/Frameworks";
				PRODUCT_BUNDLE_IDENTIFIER = Test.Chat;
				PRODUCT_NAME = "$(TARGET_NAME)";
				SWIFT_VERSION = 3.0;
			};
			name = Debug;
		};
		760E97151F48432F0078DDDB /* Release */ = {
			isa = XCBuildConfiguration;
			buildSettings = {
				ASSETCATALOG_COMPILER_APPICON_NAME = AppIcon;
				INFOPLIST_FILE = Chat/Info.plist;
				LD_RUNPATH_SEARCH_PATHS = "$(inherited) @executable_path/Frameworks";
				PRODUCT_BUNDLE_IDENTIFIER = Test.Chat;
				PRODUCT_NAME = "$(TARGET_NAME)";
				SWIFT_VERSION = 3.0;
			};
			name = Release;
		};
		760E97171F48432F0078DDDB /* Debug */ = {
			isa = XCBuildConfiguration;
			buildSettings = {
				ALWAYS_EMBED_SWIFT_STANDARD_LIBRARIES = YES;
				BUNDLE_LOADER = "$(TEST_HOST)";
				INFOPLIST_FILE = ChatTests/Info.plist;
				LD_RUNPATH_SEARCH_PATHS = "$(inherited) @executable_path/Frameworks @loader_path/Frameworks";
				PRODUCT_BUNDLE_IDENTIFIER = Test.ChatTests;
				PRODUCT_NAME = "$(TARGET_NAME)";
				SWIFT_VERSION = 3.0;
				TEST_HOST = "$(BUILT_PRODUCTS_DIR)/Chat.app/Chat";
			};
			name = Debug;
		};
		760E97181F48432F0078DDDB /* Release */ = {
			isa = XCBuildConfiguration;
			buildSettings = {
				ALWAYS_EMBED_SWIFT_STANDARD_LIBRARIES = YES;
				BUNDLE_LOADER = "$(TEST_HOST)";
				INFOPLIST_FILE = ChatTests/Info.plist;
				LD_RUNPATH_SEARCH_PATHS = "$(inherited) @executable_path/Frameworks @loader_path/Frameworks";
				PRODUCT_BUNDLE_IDENTIFIER = Test.ChatTests;
				PRODUCT_NAME = "$(TARGET_NAME)";
				SWIFT_VERSION = 3.0;
				TEST_HOST = "$(BUILT_PRODUCTS_DIR)/Chat.app/Chat";
			};
			name = Release;
		};
		760E971A1F48432F0078DDDB /* Debug */ = {
			isa = XCBuildConfiguration;
			buildSettings = {
				ALWAYS_EMBED_SWIFT_STANDARD_LIBRARIES = YES;
				INFOPLIST_FILE = ChatUITests/Info.plist;
				LD_RUNPATH_SEARCH_PATHS = "$(inherited) @executable_path/Frameworks @loader_path/Frameworks";
				PRODUCT_BUNDLE_IDENTIFIER = Test.ChatUITests;
				PRODUCT_NAME = "$(TARGET_NAME)";
				SWIFT_VERSION = 3.0;
				TEST_TARGET_NAME = Chat;
			};
			name = Debug;
		};
		760E971B1F48432F0078DDDB /* Release */ = {
			isa = XCBuildConfiguration;
			buildSettings = {
				ALWAYS_EMBED_SWIFT_STANDARD_LIBRARIES = YES;
				INFOPLIST_FILE = ChatUITests/Info.plist;
				LD_RUNPATH_SEARCH_PATHS = "$(inherited) @executable_path/Frameworks @loader_path/Frameworks";
				PRODUCT_BUNDLE_IDENTIFIER = Test.ChatUITests;
				PRODUCT_NAME = "$(TARGET_NAME)";
				SWIFT_VERSION = 3.0;
				TEST_TARGET_NAME = Chat;
			};
			name = Release;
		};
/* End XCBuildConfiguration section */

/* Begin XCConfigurationList section */
		760E96E61F48432E0078DDDB /* Build configuration list for PBXProject "Chat" */ = {
			isa = XCConfigurationList;
			buildConfigurations = (
				760E97111F48432F0078DDDB /* Debug */,
				760E97121F48432F0078DDDB /* Release */,
			);
			defaultConfigurationIsVisible = 0;
			defaultConfigurationName = Release;
		};
		760E97131F48432F0078DDDB /* Build configuration list for PBXNativeTarget "Chat" */ = {
			isa = XCConfigurationList;
			buildConfigurations = (
				760E97141F48432F0078DDDB /* Debug */,
				760E97151F48432F0078DDDB /* Release */,
			);
			defaultConfigurationIsVisible = 0;
		};
		760E97161F48432F0078DDDB /* Build configuration list for PBXNativeTarget "ChatTests" */ = {
			isa = XCConfigurationList;
			buildConfigurations = (
				760E97171F48432F0078DDDB /* Debug */,
				760E97181F48432F0078DDDB /* Release */,
			);
			defaultConfigurationIsVisible = 0;
		};
		760E97191F48432F0078DDDB /* Build configuration list for PBXNativeTarget "ChatUITests" */ = {
			isa = XCConfigurationList;
			buildConfigurations = (
				760E971A1F48432F0078DDDB /* Debug */,
				760E971B1F48432F0078DDDB /* Release */,
			);
			defaultConfigurationIsVisible = 0;
		};
/* End XCConfigurationList section */
	};
	rootObject = 760E96E31F48432E0078DDDB /* Project object */;
}
